
Microsoft Visual Studio Solution File, Format Version 12.00
# Visual Studio Version 16
VisualStudioVersion = 16.0.32602.291
MinimumVisualStudioVersion = 10.0.40219.1
Project("{FAE04EC0-301F-11D3-BF4B-00C04F79EFBC}") = "WebReqSharp", "WebReqSharp\WebReqSharp.csproj", "{444B9244-D272-4B81-9DC9-366C7C0793DB}"
EndProject
Project("{FAE04EC0-301F-11D3-BF4B-00C04F79EFBC}") = "ConsoleApp1", "ConsoleApp1\ConsoleApp1.csproj", "{D176B103-A118-4283-A5C7-1D1AC962ADF9}"
EndProject
Global
	GlobalSection(SolutionConfigurationPlatforms) = preSolution
		Debug|Any CPU = Debug|Any CPU
		Release|Any CPU = Release|Any CPU
	EndGlobalSection
	GlobalSection(ProjectConfigurationPlatforms) = postSolution
		{444B9244-D272-4B81-9DC9-366C7C0793DB}.Debug|Any CPU.ActiveCfg = Debug|Any CPU
		{444B9244-D272-4B81-9DC9-366C7C0793DB}.Debug|Any CPU.Build.0 = Debug|Any CPU
		{444B9244-D272-4B81-9DC9-366C7C0793DB}.Release|Any CPU.ActiveCfg = Release|Any CPU
		{444B9244-D272-4B81-9DC9-366C7C0793DB}.Release|Any CPU.Build.0 = Release|Any CPU
		{D176B103-A118-4283-A5C7-1D1AC962ADF9}.Debug|Any CPU.ActiveCfg = Debug|Any CPU
		{D176B103-A118-4283-A5C7-1D1AC962ADF9}.Debug|Any CPU.Build.0 = Debug|Any CPU
		{D176B103-A118-4283-A5C7-1D1AC962ADF9}.Release|Any CPU.ActiveCfg = Release|Any CPU
		{D176B103-A118-4283-A5C7-1D1AC962ADF9}.Release|Any CPU.Build.0 = Release|Any CPU
	EndGlobalSection
	GlobalSection(SolutionProperties) = preSolution
		HideSolutionNode = FALSE
	EndGlobalSection
	GlobalSection(ExtensibilityGlobals) = postSolution
		SolutionGuid = {931E153B-984A-4AAB-847C-FCAE3F58DFF6}
	EndGlobalSection
EndGlobal
